
Microsoft Visual Studio Solution File, Format Version 12.00
# Visual Studio 14
VisualStudioVersion = 14.0.25420.1
MinimumVisualStudioVersion = 10.0.40219.1
Project("{2150E333-8FDC-42A3-9474-1A3956D46DE8}") = "Solution Documents", "Solution Documents", "{A23EC023-7FA5-4E53-B2A2-23848DEAB7A8}"
	ProjectSection(SolutionItems) = preProject
		..\BISolutionWorksheets.xlsx = ..\BISolutionWorksheets.xlsx
		..\Information Package.docx = ..\Information Package.docx
	EndProjectSection
EndProject
Global
	GlobalSection(SolutionProperties) = preSolution
		HideSolutionNode = FALSE
	EndGlobalSection
EndGlobal
